
Microsoft Visual Studio Solution File, Format Version 12.00
# Visual Studio 2012
Project("{8BC9CEB8-8B4A-11D0-8D11-00A0C91BC942}") = "GetGrafo2", "GetGrafo2\GetGrafo2.vcxproj", "{5ED43249-BD4F-4DCA-BA13-71FF64F1ADDB}"
EndProject
Global
	GlobalSection(SolutionConfigurationPlatforms) = preSolution
		Debug|Win32 = Debug|Win32
		Release|Win32 = Release|Win32
	EndGlobalSection
	GlobalSection(ProjectConfigurationPlatforms) = postSolution
		{5ED43249-BD4F-4DCA-BA13-71FF64F1ADDB}.Debug|Win32.ActiveCfg = Debug|Win32
		{5ED43249-BD4F-4DCA-BA13-71FF64F1ADDB}.Debug|Win32.Build.0 = Debug|Win32
		{5ED43249-BD4F-4DCA-BA13-71FF64F1ADDB}.Release|Win32.ActiveCfg = Release|Win32
		{5ED43249-BD4F-4DCA-BA13-71FF64F1ADDB}.Release|Win32.Build.0 = Release|Win32
	EndGlobalSection
	GlobalSection(SolutionProperties) = preSolution
		HideSolutionNode = FALSE
	EndGlobalSection
EndGlobal
